// !$*UTF8*$!
{
	archiveVersion = 1;
	classes = {
	};
	objectVersion = 50;
	objects = {

/* Begin PBXBuildFile section */
		40271AC026EBE068000B16FD /* AppDelegate.swift in Sources */ = {isa = PBXBuildFile; fileRef = 40271ABF26EBE068000B16FD /* AppDelegate.swift */; };
		40271AC226EBE068000B16FD /* SceneDelegate.swift in Sources */ = {isa = PBXBuildFile; fileRef = 40271AC126EBE068000B16FD /* SceneDelegate.swift */; };
		40271AC426EBE068000B16FD /* ContentView.swift in Sources */ = {isa = PBXBuildFile; fileRef = 40271AC326EBE068000B16FD /* ContentView.swift */; };
		40271AC626EBE06A000B16FD /* Assets.xcassets in Resources */ = {isa = PBXBuildFile; fileRef = 40271AC526EBE06A000B16FD /* Assets.xcassets */; };
		40271AC926EBE06A000B16FD /* Preview Assets.xcassets in Resources */ = {isa = PBXBuildFile; fileRef = 40271AC826EBE06A000B16FD /* Preview Assets.xcassets */; };
		40271ACC26EBE06A000B16FD /* LaunchScreen.storyboard in Resources */ = {isa = PBXBuildFile; fileRef = 40271ACA26EBE06A000B16FD /* LaunchScreen.storyboard */; };
		40271AD826EBE103000B16FD /* APIError.swift in Sources */ = {isa = PBXBuildFile; fileRef = 40271AD426EBE103000B16FD /* APIError.swift */; };
		40271AD926EBE103000B16FD /* APIService.swift in Sources */ = {isa = PBXBuildFile; fileRef = 40271AD526EBE103000B16FD /* APIService.swift */; };
		40271ADA26EBE104000B16FD /* APIConstants.swift in Sources */ = {isa = PBXBuildFile; fileRef = 40271AD626EBE103000B16FD /* APIConstants.swift */; };
		40271ADB26EBE104000B16FD /* APIEndPoints.swift in Sources */ = {isa = PBXBuildFile; fileRef = 40271AD726EBE103000B16FD /* APIEndPoints.swift */; };
		40271AE126EBE201000B16FD /* AnimeSearchService.swift in Sources */ = {isa = PBXBuildFile; fileRef = 40271AE026EBE201000B16FD /* AnimeSearchService.swift */; };
		40271AE526EBE270000B16FD /* AnimeSearchResponse.swift in Sources */ = {isa = PBXBuildFile; fileRef = 40271AE426EBE270000B16FD /* AnimeSearchResponse.swift */; };
		40271AE726EBE3BF000B16FD /* HomeView.swift in Sources */ = {isa = PBXBuildFile; fileRef = 40271AE626EBE3BE000B16FD /* HomeView.swift */; };
/* End PBXBuildFile section */

/* Begin PBXFileReference section */
		40271ABC26EBE067000B16FD /* BG_Anime.app */ = {isa = PBXFileReference; explicitFileType = wrapper.application; includeInIndex = 0; path = BG_Anime.app; sourceTree = BUILT_PRODUCTS_DIR; };
		40271ABF26EBE068000B16FD /* AppDelegate.swift */ = {isa = PBXFileReference; lastKnownFileType = sourcecode.swift; path = AppDelegate.swift; sourceTree = "<group>"; };
		40271AC126EBE068000B16FD /* SceneDelegate.swift */ = {isa = PBXFileReference; lastKnownFileType = sourcecode.swift; path = SceneDelegate.swift; sourceTree = "<group>"; };
		40271AC326EBE068000B16FD /* ContentView.swift */ = {isa = PBXFileReference; lastKnownFileType = sourcecode.swift; path = ContentView.swift; sourceTree = "<group>"; };
		40271AC526EBE06A000B16FD /* Assets.xcassets */ = {isa = PBXFileReference; lastKnownFileType = folder.assetcatalog; path = Assets.xcassets; sourceTree = "<group>"; };
		40271AC826EBE06A000B16FD /* Preview Assets.xcassets */ = {isa = PBXFileReference; lastKnownFileType = folder.assetcatalog; path = "Preview Assets.xcassets"; sourceTree = "<group>"; };
		40271ACB26EBE06A000B16FD /* Base */ = {isa = PBXFileReference; lastKnownFileType = file.storyboard; name = Base; path = Base.lproj/LaunchScreen.storyboard; sourceTree = "<group>"; };
		40271ACD26EBE06A000B16FD /* Info.plist */ = {isa = PBXFileReference; lastKnownFileType = text.plist.xml; path = Info.plist; sourceTree = "<group>"; };
		40271AD426EBE103000B16FD /* APIError.swift */ = {isa = PBXFileReference; fileEncoding = 4; lastKnownFileType = sourcecode.swift; path = APIError.swift; sourceTree = "<group>"; };
		40271AD526EBE103000B16FD /* APIService.swift */ = {isa = PBXFileReference; fileEncoding = 4; lastKnownFileType = sourcecode.swift; path = APIService.swift; sourceTree = "<group>"; };
		40271AD626EBE103000B16FD /* APIConstants.swift */ = {isa = PBXFileReference; fileEncoding = 4; lastKnownFileType = sourcecode.swift; path = APIConstants.swift; sourceTree = "<group>"; };
		40271AD726EBE103000B16FD /* APIEndPoints.swift */ = {isa = PBXFileReference; fileEncoding = 4; lastKnownFileType = sourcecode.swift; path = APIEndPoints.swift; sourceTree = "<group>"; };
		40271AE026EBE201000B16FD /* AnimeSearchService.swift */ = {isa = PBXFileReference; lastKnownFileType = sourcecode.swift; path = AnimeSearchService.swift; sourceTree = "<group>"; };
		40271AE426EBE270000B16FD /* AnimeSearchResponse.swift */ = {isa = PBXFileReference; lastKnownFileType = sourcecode.swift; path = AnimeSearchResponse.swift; sourceTree = "<group>"; };
		40271AE626EBE3BE000B16FD /* HomeView.swift */ = {isa = PBXFileReference; lastKnownFileType = sourcecode.swift; path = HomeView.swift; sourceTree = "<group>"; };
/* End PBXFileReference section */

/* Begin PBXFrameworksBuildPhase section */
		40271AB926EBE067000B16FD /* Frameworks */ = {
			isa = PBXFrameworksBuildPhase;
			buildActionMask = 2147483647;
			files = (
			);
			runOnlyForDeploymentPostprocessing = 0;
		};
/* End PBXFrameworksBuildPhase section */

/* Begin PBXGroup section */
		40271AB326EBE067000B16FD = {
			isa = PBXGroup;
			children = (
				40271ABE26EBE067000B16FD /* BG_Anime */,
				40271ABD26EBE067000B16FD /* Products */,
			);
			sourceTree = "<group>";
		};
		40271ABD26EBE067000B16FD /* Products */ = {
			isa = PBXGroup;
			children = (
				40271ABC26EBE067000B16FD /* BG_Anime.app */,
			);
			name = Products;
			sourceTree = "<group>";
		};
		40271ABE26EBE067000B16FD /* BG_Anime */ = {
			isa = PBXGroup;
			children = (
				40271AE226EBE255000B16FD /* Models */,
				40271AD326EBE103000B16FD /* APIService */,
				40271ADC26EBE10A000B16FD /* AppDelegate */,
				40271ACD26EBE06A000B16FD /* Info.plist */,
				40271AC726EBE06A000B16FD /* Preview Content */,
				40271ADE26EBE11A000B16FD /* Resources */,
				40271ADF26EBE12A000B16FD /* Storyboard */,
				40271ADD26EBE114000B16FD /* Views */,
			);
			path = BG_Anime;
			sourceTree = "<group>";
		};
		40271AC726EBE06A000B16FD /* Preview Content */ = {
			isa = PBXGroup;
			children = (
				40271AC826EBE06A000B16FD /* Preview Assets.xcassets */,
			);
			path = "Preview Content";
			sourceTree = "<group>";
		};
		40271AD326EBE103000B16FD /* APIService */ = {
			isa = PBXGroup;
			children = (
				40271AD426EBE103000B16FD /* APIError.swift */,
				40271AD526EBE103000B16FD /* APIService.swift */,
				40271AD626EBE103000B16FD /* APIConstants.swift */,
				40271AD726EBE103000B16FD /* APIEndPoints.swift */,
				40271AE026EBE201000B16FD /* AnimeSearchService.swift */,
			);
			path = APIService;
			sourceTree = "<group>";
		};
		40271ADC26EBE10A000B16FD /* AppDelegate */ = {
			isa = PBXGroup;
			children = (
				40271ABF26EBE068000B16FD /* AppDelegate.swift */,
				40271AC126EBE068000B16FD /* SceneDelegate.swift */,
			);
			path = AppDelegate;
			sourceTree = "<group>";
		};
		40271ADD26EBE114000B16FD /* Views */ = {
			isa = PBXGroup;
			children = (
				40271AC326EBE068000B16FD /* ContentView.swift */,
				40271AE626EBE3BE000B16FD /* HomeView.swift */,
			);
			path = Views;
			sourceTree = "<group>";
		};
		40271ADE26EBE11A000B16FD /* Resources */ = {
			isa = PBXGroup;
			children = (
				40271AC526EBE06A000B16FD /* Assets.xcassets */,
			);
			path = Resources;
			sourceTree = "<group>";
		};
		40271ADF26EBE12A000B16FD /* Storyboard */ = {
			isa = PBXGroup;
			children = (
				40271ACA26EBE06A000B16FD /* LaunchScreen.storyboard */,
			);
			path = Storyboard;
			sourceTree = "<group>";
		};
		40271AE226EBE255000B16FD /* Models */ = {
			isa = PBXGroup;
			children = (
				40271AE426EBE270000B16FD /* AnimeSearchResponse.swift */,
			);
			path = Models;
			sourceTree = "<group>";
		};
/* End PBXGroup section */

/* Begin PBXNativeTarget section */
		40271ABB26EBE067000B16FD /* BG_Anime */ = {
			isa = PBXNativeTarget;
			buildConfigurationList = 40271AD026EBE06A000B16FD /* Build configuration list for PBXNativeTarget "BG_Anime" */;
			buildPhases = (
				40271AB826EBE067000B16FD /* Sources */,
				40271AB926EBE067000B16FD /* Frameworks */,
				40271ABA26EBE067000B16FD /* Resources */,
			);
			buildRules = (
			);
			dependencies = (
			);
			name = BG_Anime;
			productName = BG_Anime;
			productReference = 40271ABC26EBE067000B16FD /* BG_Anime.app */;
			productType = "com.apple.product-type.application";
		};
/* End PBXNativeTarget section */

/* Begin PBXProject section */
		40271AB426EBE067000B16FD /* Project object */ = {
			isa = PBXProject;
			attributes = {
				LastSwiftUpdateCheck = 1170;
				LastUpgradeCheck = 1170;
				ORGANIZATIONNAME = Bhavesh;
				TargetAttributes = {
					40271ABB26EBE067000B16FD = {
						CreatedOnToolsVersion = 11.7;
					};
				};
			};
			buildConfigurationList = 40271AB726EBE067000B16FD /* Build configuration list for PBXProject "BG_Anime" */;
			compatibilityVersion = "Xcode 9.3";
			developmentRegion = en;
			hasScannedForEncodings = 0;
			knownRegions = (
				en,
				Base,
			);
			mainGroup = 40271AB326EBE067000B16FD;
			productRefGroup = 40271ABD26EBE067000B16FD /* Products */;
			projectDirPath = "";
			projectRoot = "";
			targets = (
				40271ABB26EBE067000B16FD /* BG_Anime */,
			);
		};
/* End PBXProject section */

/* Begin PBXResourcesBuildPhase section */
		40271ABA26EBE067000B16FD /* Resources */ = {
			isa = PBXResourcesBuildPhase;
			buildActionMask = 2147483647;
			files = (
				40271ACC26EBE06A000B16FD /* LaunchScreen.storyboard in Resources */,
				40271AC926EBE06A000B16FD /* Preview Assets.xcassets in Resources */,
				40271AC626EBE06A000B16FD /* Assets.xcassets in Resources */,
			);
			runOnlyForDeploymentPostprocessing = 0;
		};
/* End PBXResourcesBuildPhase section */

/* Begin PBXSourcesBuildPhase section */
		40271AB826EBE067000B16FD /* Sources */ = {
			isa = PBXSourcesBuildPhase;
			buildActionMask = 2147483647;
			files = (
				40271AC026EBE068000B16FD /* AppDelegate.swift in Sources */,
				40271AE526EBE270000B16FD /* AnimeSearchResponse.swift in Sources */,
				40271AD926EBE103000B16FD /* APIService.swift in Sources */,
				40271AE726EBE3BF000B16FD /* HomeView.swift in Sources */,
				40271ADA26EBE104000B16FD /* APIConstants.swift in Sources */,
				40271ADB26EBE104000B16FD /* APIEndPoints.swift in Sources */,
				40271AE126EBE201000B16FD /* AnimeSearchService.swift in Sources */,
				40271AD826EBE103000B16FD /* APIError.swift in Sources */,
				40271AC226EBE068000B16FD /* SceneDelegate.swift in Sources */,
				40271AC426EBE068000B16FD /* ContentView.swift in Sources */,
			);
			runOnlyForDeploymentPostprocessing = 0;
		};
/* End PBXSourcesBuildPhase section */

/* Begin PBXVariantGroup section */
		40271ACA26EBE06A000B16FD /* LaunchScreen.storyboard */ = {
			isa = PBXVariantGroup;
			children = (
				40271ACB26EBE06A000B16FD /* Base */,
			);
			name = LaunchScreen.storyboard;
			sourceTree = "<group>";
		};
/* End PBXVariantGroup section */

/* Begin XCBuildConfiguration section */
		40271ACE26EBE06A000B16FD /* Debug */ = {
			isa = XCBuildConfiguration;
			buildSettings = {
				ALWAYS_SEARCH_USER_PATHS = NO;
				CLANG_ANALYZER_NONNULL = YES;
				CLANG_ANALYZER_NUMBER_OBJECT_CONVERSION = YES_AGGRESSIVE;
				CLANG_CXX_LANGUAGE_STANDARD = "gnu++14";
				CLANG_CXX_LIBRARY = "libc++";
				CLANG_ENABLE_MODULES = YES;
				CLANG_ENABLE_OBJC_ARC = YES;
				CLANG_ENABLE_OBJC_WEAK = YES;
				CLANG_WARN_BLOCK_CAPTURE_AUTORELEASING = YES;
				CLANG_WARN_BOOL_CONVERSION = YES;
				CLANG_WARN_COMMA = YES;
				CLANG_WARN_CONSTANT_CONVERSION = YES;
				CLANG_WARN_DEPRECATED_OBJC_IMPLEMENTATIONS = YES;
				CLANG_WARN_DIRECT_OBJC_ISA_USAGE = YES_ERROR;
				CLANG_WARN_DOCUMENTATION_COMMENTS = YES;
				CLANG_WARN_EMPTY_BODY = YES;
				CLANG_WARN_ENUM_CONVERSION = YES;
				CLANG_WARN_INFINITE_RECURSION = YES;
				CLANG_WARN_INT_CONVERSION = YES;
				CLANG_WARN_NON_LITERAL_NULL_CONVERSION = YES;
				CLANG_WARN_OBJC_IMPLICIT_RETAIN_SELF = YES;
				CLANG_WARN_OBJC_LITERAL_CONVERSION = YES;
				CLANG_WARN_OBJC_ROOT_CLASS = YES_ERROR;
				CLANG_WARN_RANGE_LOOP_ANALYSIS = YES;
				CLANG_WARN_STRICT_PROTOTYPES = YES;
				CLANG_WARN_SUSPICIOUS_MOVE = YES;
				CLANG_WARN_UNGUARDED_AVAILABILITY = YES_AGGRESSIVE;
				CLANG_WARN_UNREACHABLE_CODE = YES;
				CLANG_WARN__DUPLICATE_METHOD_MATCH = YES;
				COPY_PHASE_STRIP = NO;
				DEBUG_INFORMATION_FORMAT = dwarf;
				ENABLE_STRICT_OBJC_MSGSEND = YES;
				ENABLE_TESTABILITY = YES;
				GCC_C_LANGUAGE_STANDARD = gnu11;
				GCC_DYNAMIC_NO_PIC = NO;
				GCC_NO_COMMON_BLOCKS = YES;
				GCC_OPTIMIZATION_LEVEL = 0;
				GCC_PREPROCESSOR_DEFINITIONS = (
					"DEBUG=1",
					"$(inherited)",
				);
				GCC_WARN_64_TO_32_BIT_CONVERSION = YES;
				GCC_WARN_ABOUT_RETURN_TYPE = YES_ERROR;
				GCC_WARN_UNDECLARED_SELECTOR = YES;
				GCC_WARN_UNINITIALIZED_AUTOS = YES_AGGRESSIVE;
				GCC_WARN_UNUSED_FUNCTION = YES;
				GCC_WARN_UNUSED_VARIABLE = YES;
				IPHONEOS_DEPLOYMENT_TARGET = 13.7;
				MTL_ENABLE_DEBUG_INFO = INCLUDE_SOURCE;
				MTL_FAST_MATH = YES;
				ONLY_ACTIVE_ARCH = YES;
				SDKROOT = iphoneos;
				SWIFT_ACTIVE_COMPILATION_CONDITIONS = DEBUG;
				SWIFT_OPTIMIZATION_LEVEL = "-Onone";
			};
			name = Debug;
		};
		40271ACF26EBE06A000B16FD /* Release */ = {
			isa = XCBuildConfiguration;
			buildSettings = {
				ALWAYS_SEARCH_USER_PATHS = NO;
				CLANG_ANALYZER_NONNULL = YES;
				CLANG_ANALYZER_NUMBER_OBJECT_CONVERSION = YES_AGGRESSIVE;
				CLANG_CXX_LANGUAGE_STANDARD = "gnu++14";
				CLANG_CXX_LIBRARY = "libc++";
				CLANG_ENABLE_MODULES = YES;
				CLANG_ENABLE_OBJC_ARC = YES;
				CLANG_ENABLE_OBJC_WEAK = YES;
				CLANG_WARN_BLOCK_CAPTURE_AUTORELEASING = YES;
				CLANG_WARN_BOOL_CONVERSION = YES;
				CLANG_WARN_COMMA = YES;
				CLANG_WARN_CONSTANT_CONVERSION = YES;
				CLANG_WARN_DEPRECATED_OBJC_IMPLEMENTATIONS = YES;
				CLANG_WARN_DIRECT_OBJC_ISA_USAGE = YES_ERROR;
				CLANG_WARN_DOCUMENTATION_COMMENTS = YES;
				CLANG_WARN_EMPTY_BODY = YES;
				CLANG_WARN_ENUM_CONVERSION = YES;
				CLANG_WARN_INFINITE_RECURSION = YES;
				CLANG_WARN_INT_CONVERSION = YES;
				CLANG_WARN_NON_LITERAL_NULL_CONVERSION = YES;
				CLANG_WARN_OBJC_IMPLICIT_RETAIN_SELF = YES;
				CLANG_WARN_OBJC_LITERAL_CONVERSION = YES;
				CLANG_WARN_OBJC_ROOT_CLASS = YES_ERROR;
				CLANG_WARN_RANGE_LOOP_ANALYSIS = YES;
				CLANG_WARN_STRICT_PROTOTYPES = YES;
				CLANG_WARN_SUSPICIOUS_MOVE = YES;
				CLANG_WARN_UNGUARDED_AVAILABILITY = YES_AGGRESSIVE;
				CLANG_WARN_UNREACHABLE_CODE = YES;
				CLANG_WARN__DUPLICATE_METHOD_MATCH = YES;
				COPY_PHASE_STRIP = NO;
				DEBUG_INFORMATION_FORMAT = "dwarf-with-dsym";
				ENABLE_NS_ASSERTIONS = NO;
				ENABLE_STRICT_OBJC_MSGSEND = YES;
				GCC_C_LANGUAGE_STANDARD = gnu11;
				GCC_NO_COMMON_BLOCKS = YES;
				GCC_WARN_64_TO_32_BIT_CONVERSION = YES;
				GCC_WARN_ABOUT_RETURN_TYPE = YES_ERROR;
				GCC_WARN_UNDECLARED_SELECTOR = YES;
				GCC_WARN_UNINITIALIZED_AUTOS = YES_AGGRESSIVE;
				GCC_WARN_UNUSED_FUNCTION = YES;
				GCC_WARN_UNUSED_VARIABLE = YES;
				IPHONEOS_DEPLOYMENT_TARGET = 13.7;
				MTL_ENABLE_DEBUG_INFO = NO;
				MTL_FAST_MATH = YES;
				SDKROOT = iphoneos;
				SWIFT_COMPILATION_MODE = wholemodule;
				SWIFT_OPTIMIZATION_LEVEL = "-O";
				VALIDATE_PRODUCT = YES;
			};
			name = Release;
		};
		40271AD126EBE06A000B16FD /* Debug */ = {
			isa = XCBuildConfiguration;
			buildSettings = {
				ASSETCATALOG_COMPILER_APPICON_NAME = AppIcon;
				CODE_SIGN_STYLE = Automatic;
				DEVELOPMENT_ASSET_PATHS = "\"BG_Anime/Preview Content\"";
				DEVELOPMENT_TEAM = P5RKT2K7BV;
				ENABLE_PREVIEWS = YES;
				INFOPLIST_FILE = BG_Anime/Info.plist;
				LD_RUNPATH_SEARCH_PATHS = (
					"$(inherited)",
					"@executable_path/Frameworks",
				);
				PRODUCT_BUNDLE_IDENTIFIER = "bhavesh.com.BG-Anime";
				PRODUCT_NAME = "$(TARGET_NAME)";
				SWIFT_VERSION = 5.0;
				TARGETED_DEVICE_FAMILY = "1,2";
			};
			name = Debug;
		};
		40271AD226EBE06A000B16FD /* Release */ = {
			isa = XCBuildConfiguration;
			buildSettings = {
				ASSETCATALOG_COMPILER_APPICON_NAME = AppIcon;
				CODE_SIGN_STYLE = Automatic;
				DEVELOPMENT_ASSET_PATHS = "\"BG_Anime/Preview Content\"";
				DEVELOPMENT_TEAM = P5RKT2K7BV;
				ENABLE_PREVIEWS = YES;
				INFOPLIST_FILE = BG_Anime/Info.plist;
				LD_RUNPATH_SEARCH_PATHS = (
					"$(inherited)",
					"@executable_path/Frameworks",
				);
				PRODUCT_BUNDLE_IDENTIFIER = "bhavesh.com.BG-Anime";
				PRODUCT_NAME = "$(TARGET_NAME)";
				SWIFT_VERSION = 5.0;
				TARGETED_DEVICE_FAMILY = "1,2";
			};
			name = Release;
		};
/* End XCBuildConfiguration section */

/* Begin XCConfigurationList section */
		40271AB726EBE067000B16FD /* Build configuration list for PBXProject "BG_Anime" */ = {
			isa = XCConfigurationList;
			buildConfigurations = (
				40271ACE26EBE06A000B16FD /* Debug */,
				40271ACF26EBE06A000B16FD /* Release */,
			);
			defaultConfigurationIsVisible = 0;
			defaultConfigurationName = Release;
		};
		40271AD026EBE06A000B16FD /* Build configuration list for PBXNativeTarget "BG_Anime" */ = {
			isa = XCConfigurationList;
			buildConfigurations = (
				40271AD126EBE06A000B16FD /* Debug */,
				40271AD226EBE06A000B16FD /* Release */,
			);
			defaultConfigurationIsVisible = 0;
			defaultConfigurationName = Release;
		};
/* End XCConfigurationList section */
	};
	rootObject = 40271AB426EBE067000B16FD /* Project object */;
}
